
Microsoft Visual Studio Solution File, Format Version 12.00
# Visual Studio Version 17
VisualStudioVersion = 17.9.34607.119
MinimumVisualStudioVersion = 10.0.40219.1
Project("{FAE04EC0-301F-11D3-BF4B-00C04F79EFBC}") = "Week 7", "Week 7\Week 7.csproj", "{CF738EED-7087-49CC-8189-79B2CC4AF908}"
EndProject
Project("{FAE04EC0-301F-11D3-BF4B-00C04F79EFBC}") = "Calculator", "Calculator\Calculator.csproj", "{CEC02578-2F76-4358-948C-34D2954B9372}"
EndProject
Project("{FAE04EC0-301F-11D3-BF4B-00C04F79EFBC}") = "DisscountCalculator", "DisscountCalculator\DisscountCalculator.csproj", "{CE8011F2-C06D-42E8-B8AE-6384BE1E968F}"
EndProject
Project("{FAE04EC0-301F-11D3-BF4B-00C04F79EFBC}") = "Functions", "Functions\Functions.csproj", "{39F10E85-FDA4-4F95-8D9E-6A0E0CC53BB0}"
EndProject
Global
	GlobalSection(SolutionConfigurationPlatforms) = preSolution
		Debug|Any CPU = Debug|Any CPU
		Release|Any CPU = Release|Any CPU
	EndGlobalSection
	GlobalSection(ProjectConfigurationPlatforms) = postSolution
		{CF738EED-7087-49CC-8189-79B2CC4AF908}.Debug|Any CPU.ActiveCfg = Debug|Any CPU
		{CF738EED-7087-49CC-8189-79B2CC4AF908}.Debug|Any CPU.Build.0 = Debug|Any CPU
		{CF738EED-7087-49CC-8189-79B2CC4AF908}.Release|Any CPU.ActiveCfg = Release|Any CPU
		{CF738EED-7087-49CC-8189-79B2CC4AF908}.Release|Any CPU.Build.0 = Release|Any CPU
		{CEC02578-2F76-4358-948C-34D2954B9372}.Debug|Any CPU.ActiveCfg = Debug|Any CPU
		{CEC02578-2F76-4358-948C-34D2954B9372}.Debug|Any CPU.Build.0 = Debug|Any CPU
		{CEC02578-2F76-4358-948C-34D2954B9372}.Release|Any CPU.ActiveCfg = Release|Any CPU
		{CEC02578-2F76-4358-948C-34D2954B9372}.Release|Any CPU.Build.0 = Release|Any CPU
		{CE8011F2-C06D-42E8-B8AE-6384BE1E968F}.Debug|Any CPU.ActiveCfg = Debug|Any CPU
		{CE8011F2-C06D-42E8-B8AE-6384BE1E968F}.Debug|Any CPU.Build.0 = Debug|Any CPU
		{CE8011F2-C06D-42E8-B8AE-6384BE1E968F}.Release|Any CPU.ActiveCfg = Release|Any CPU
		{CE8011F2-C06D-42E8-B8AE-6384BE1E968F}.Release|Any CPU.Build.0 = Release|Any CPU
		{39F10E85-FDA4-4F95-8D9E-6A0E0CC53BB0}.Debug|Any CPU.ActiveCfg = Debug|Any CPU
		{39F10E85-FDA4-4F95-8D9E-6A0E0CC53BB0}.Debug|Any CPU.Build.0 = Debug|Any CPU
		{39F10E85-FDA4-4F95-8D9E-6A0E0CC53BB0}.Release|Any CPU.ActiveCfg = Release|Any CPU
		{39F10E85-FDA4-4F95-8D9E-6A0E0CC53BB0}.Release|Any CPU.Build.0 = Release|Any CPU
	EndGlobalSection
	GlobalSection(SolutionProperties) = preSolution
		HideSolutionNode = FALSE
	EndGlobalSection
	GlobalSection(ExtensibilityGlobals) = postSolution
		SolutionGuid = {62769009-E413-4774-9BEB-27DE5F26D68A}
	EndGlobalSection
EndGlobal
